
Microsoft Visual Studio Solution File, Format Version 12.00
# Visual Studio 14
VisualStudioVersion = 14.0.24720.0
MinimumVisualStudioVersion = 10.0.40219.1
Project("{FAE04EC0-301F-11D3-BF4B-00C04F79EFBC}") = "Lego.EV3.Core", "Lego.EV3.Core\Lego.EV3.Core.csproj", "{82E3A21C-BB44-401A-B054-6075E8C03753}"
EndProject
Project("{2150E333-8FDC-42A3-9474-1A3956D46DE8}") = "Desktop", "Desktop", "{B941E07C-69FF-40EF-BE57-7376A5A5A49C}"
EndProject
Project("{2150E333-8FDC-42A3-9474-1A3956D46DE8}") = "Web", "Web", "{6F029BB5-B68E-43A3-897A-8B9BC6881969}"
EndProject
Project("{2150E333-8FDC-42A3-9474-1A3956D46DE8}") = "Phone", "Phone", "{79CB10A2-6F79-48D0-BA70-5517FDD0C3F6}"
EndProject
Project("{2150E333-8FDC-42A3-9474-1A3956D46DE8}") = "Communications", "Communications", "{A50C9FE9-5F7F-4D2D-BCC2-3DF1D3847413}"
EndProject
Project("{FAE04EC0-301F-11D3-BF4B-00C04F79EFBC}") = "01 - Lego.EV3.ConsoleTest", "Lego.EV3.ConsoleTest\01 - Lego.EV3.ConsoleTest.csproj", "{4EFA3084-92BC-4D9F-B322-96F45ECBA1C3}"
EndProject
Project("{FAE04EC0-301F-11D3-BF4B-00C04F79EFBC}") = "02 - Lego.EV3.WPF", "Lego.EV3.WPF\02 - Lego.EV3.WPF.csproj", "{A218E234-559E-4BF1-AAC5-58B96C8BBD78}"
EndProject
Project("{FAE04EC0-301F-11D3-BF4B-00C04F79EFBC}") = "03 - Lego.EV3.WPF2", "Lego.EV3.WPF2\03 - Lego.EV3.WPF2.csproj", "{33CF2501-F65F-4732-9086-96F48D2544CB}"
EndProject
Project("{FAE04EC0-301F-11D3-BF4B-00C04F79EFBC}") = "Lego.EV3.API", "Lego.EV3.API\Lego.EV3.API.csproj", "{4EBE34DC-2F49-4D71-BB84-D2B4013450DD}"
EndProject
Project("{FAE04EC0-301F-11D3-BF4B-00C04F79EFBC}") = "Lego.EV3.Web", "Lego.EV3.Web\Lego.EV3.Web.csproj", "{DD851D86-EF1B-4138-9064-B928A94BE648}"
EndProject
Project("{FAE04EC0-301F-11D3-BF4B-00C04F79EFBC}") = "01 - Lego.EV3.WP", "Lego.EV3.WP\01 - Lego.EV3.WP.csproj", "{0647A3C7-0AAD-4FBD-A3C1-552048ADB29D}"
EndProject
Project("{FAE04EC0-301F-11D3-BF4B-00C04F79EFBC}") = "Lego.EV3.WP.Core", "Lego.EV3.WP.Core\Lego.EV3.WP.Core.csproj", "{7F73A476-D4BF-486A-9F41-A8842ED8497D}"
EndProject
Project("{FAE04EC0-301F-11D3-BF4B-00C04F79EFBC}") = "02 - Lego.EV3.WP2", "Lego.EV3.WP2\02 - Lego.EV3.WP2.csproj", "{B3FE6EA1-6263-43D1-AA8C-D1961E8183CB}"
EndProject
Project("{FAE04EC0-301F-11D3-BF4B-00C04F79EFBC}") = "03 - Lego.EV3.WP.Plebiscite", "Lego.EV3.WP.Plebiscite\03 - Lego.EV3.WP.Plebiscite.csproj", "{E3A40767-1121-43D0-816F-35D938F9716B}"
EndProject
Project("{FAE04EC0-301F-11D3-BF4B-00C04F79EFBC}") = "Lego.EV3.Shared", "Lego.EV3.Common\Lego.EV3.Shared.csproj", "{FAAA386E-85DA-4AC7-BE4B-C2198B84F8EE}"
EndProject
Project("{FAE04EC0-301F-11D3-BF4B-00C04F79EFBC}") = "Lego.EV3.Net.Web", "Lego.EV3.Net.Web\Lego.EV3.Net.Web.csproj", "{6CE969D8-1103-454A-80E5-19E2CDB14709}"
EndProject
Project("{FAE04EC0-301F-11D3-BF4B-00C04F79EFBC}") = "04 - Lego.EV3.ConsoleVote", "Lego.EV3.ConsoleVote\04 - Lego.EV3.ConsoleVote.csproj", "{CEFA16D8-28D7-4BC6-85D8-21FD25D46D93}"
EndProject
Project("{FAE04EC0-301F-11D3-BF4B-00C04F79EFBC}") = "01 - Lego.EV3.HelloWorld", "Lego.EV3.HelloWorld\01 - Lego.EV3.HelloWorld.csproj", "{246505F6-BCF0-436E-813A-E797D307611F}"
EndProject
Project("{2150E333-8FDC-42A3-9474-1A3956D46DE8}") = "Test", "Test", "{DF763000-8A53-40E5-8C6E-1A56C24EB16A}"
EndProject
Project("{FAE04EC0-301F-11D3-BF4B-00C04F79EFBC}") = "02 - Lego.EV3.HelloMotors", "Lego.EV3.HelloMotors\02 - Lego.EV3.HelloMotors.csproj", "{032C5DAD-D659-43AB-930E-09D66B9CF63B}"
EndProject
Project("{FAE04EC0-301F-11D3-BF4B-00C04F79EFBC}") = "03 - Lego.EV3.HelloSensors", "Lego.EV3.HelloSensors\03 - Lego.EV3.HelloSensors.csproj", "{A6C76431-1A7B-4931-919F-A62A15FAE652}"
EndProject
Global
	GlobalSection(SolutionConfigurationPlatforms) = preSolution
		Debug|Any CPU = Debug|Any CPU
		Debug|ARM = Debug|ARM
		Debug|x86 = Debug|x86
		Release|Any CPU = Release|Any CPU
		Release|ARM = Release|ARM
		Release|x86 = Release|x86
	EndGlobalSection
	GlobalSection(ProjectConfigurationPlatforms) = postSolution
		{82E3A21C-BB44-401A-B054-6075E8C03753}.Debug|Any CPU.ActiveCfg = Debug|Any CPU
		{82E3A21C-BB44-401A-B054-6075E8C03753}.Debug|Any CPU.Build.0 = Debug|Any CPU
		{82E3A21C-BB44-401A-B054-6075E8C03753}.Debug|ARM.ActiveCfg = Debug|Any CPU
		{82E3A21C-BB44-401A-B054-6075E8C03753}.Debug|ARM.Build.0 = Debug|Any CPU
		{82E3A21C-BB44-401A-B054-6075E8C03753}.Debug|x86.ActiveCfg = Debug|Any CPU
		{82E3A21C-BB44-401A-B054-6075E8C03753}.Debug|x86.Build.0 = Debug|Any CPU
		{82E3A21C-BB44-401A-B054-6075E8C03753}.Release|Any CPU.ActiveCfg = Release|Any CPU
		{82E3A21C-BB44-401A-B054-6075E8C03753}.Release|Any CPU.Build.0 = Release|Any CPU
		{82E3A21C-BB44-401A-B054-6075E8C03753}.Release|ARM.ActiveCfg = Release|Any CPU
		{82E3A21C-BB44-401A-B054-6075E8C03753}.Release|ARM.Build.0 = Release|Any CPU
		{82E3A21C-BB44-401A-B054-6075E8C03753}.Release|x86.ActiveCfg = Release|Any CPU
		{82E3A21C-BB44-401A-B054-6075E8C03753}.Release|x86.Build.0 = Release|Any CPU
		{4EFA3084-92BC-4D9F-B322-96F45ECBA1C3}.Debug|Any CPU.ActiveCfg = Debug|Any CPU
		{4EFA3084-92BC-4D9F-B322-96F45ECBA1C3}.Debug|Any CPU.Build.0 = Debug|Any CPU
		{4EFA3084-92BC-4D9F-B322-96F45ECBA1C3}.Debug|ARM.ActiveCfg = Debug|Any CPU
		{4EFA3084-92BC-4D9F-B322-96F45ECBA1C3}.Debug|ARM.Build.0 = Debug|Any CPU
		{4EFA3084-92BC-4D9F-B322-96F45ECBA1C3}.Debug|x86.ActiveCfg = Debug|Any CPU
		{4EFA3084-92BC-4D9F-B322-96F45ECBA1C3}.Debug|x86.Build.0 = Debug|Any CPU
		{4EFA3084-92BC-4D9F-B322-96F45ECBA1C3}.Release|Any CPU.ActiveCfg = Release|Any CPU
		{4EFA3084-92BC-4D9F-B322-96F45ECBA1C3}.Release|Any CPU.Build.0 = Release|Any CPU
		{4EFA3084-92BC-4D9F-B322-96F45ECBA1C3}.Release|ARM.ActiveCfg = Release|Any CPU
		{4EFA3084-92BC-4D9F-B322-96F45ECBA1C3}.Release|ARM.Build.0 = Release|Any CPU
		{4EFA3084-92BC-4D9F-B322-96F45ECBA1C3}.Release|x86.ActiveCfg = Release|Any CPU
		{4EFA3084-92BC-4D9F-B322-96F45ECBA1C3}.Release|x86.Build.0 = Release|Any CPU
		{A218E234-559E-4BF1-AAC5-58B96C8BBD78}.Debug|Any CPU.ActiveCfg = Debug|Any CPU
		{A218E234-559E-4BF1-AAC5-58B96C8BBD78}.Debug|Any CPU.Build.0 = Debug|Any CPU
		{A218E234-559E-4BF1-AAC5-58B96C8BBD78}.Debug|ARM.ActiveCfg = Debug|Any CPU
		{A218E234-559E-4BF1-AAC5-58B96C8BBD78}.Debug|ARM.Build.0 = Debug|Any CPU
		{A218E234-559E-4BF1-AAC5-58B96C8BBD78}.Debug|x86.ActiveCfg = Debug|Any CPU
		{A218E234-559E-4BF1-AAC5-58B96C8BBD78}.Debug|x86.Build.0 = Debug|Any CPU
		{A218E234-559E-4BF1-AAC5-58B96C8BBD78}.Release|Any CPU.ActiveCfg = Release|Any CPU
		{A218E234-559E-4BF1-AAC5-58B96C8BBD78}.Release|Any CPU.Build.0 = Release|Any CPU
		{A218E234-559E-4BF1-AAC5-58B96C8BBD78}.Release|ARM.ActiveCfg = Release|Any CPU
		{A218E234-559E-4BF1-AAC5-58B96C8BBD78}.Release|ARM.Build.0 = Release|Any CPU
		{A218E234-559E-4BF1-AAC5-58B96C8BBD78}.Release|x86.ActiveCfg = Release|Any CPU
		{A218E234-559E-4BF1-AAC5-58B96C8BBD78}.Release|x86.Build.0 = Release|Any CPU
		{33CF2501-F65F-4732-9086-96F48D2544CB}.Debug|Any CPU.ActiveCfg = Debug|Any CPU
		{33CF2501-F65F-4732-9086-96F48D2544CB}.Debug|Any CPU.Build.0 = Debug|Any CPU
		{33CF2501-F65F-4732-9086-96F48D2544CB}.Debug|ARM.ActiveCfg = Debug|Any CPU
		{33CF2501-F65F-4732-9086-96F48D2544CB}.Debug|ARM.Build.0 = Debug|Any CPU
		{33CF2501-F65F-4732-9086-96F48D2544CB}.Debug|x86.ActiveCfg = Debug|Any CPU
		{33CF2501-F65F-4732-9086-96F48D2544CB}.Debug|x86.Build.0 = Debug|Any CPU
		{33CF2501-F65F-4732-9086-96F48D2544CB}.Release|Any CPU.ActiveCfg = Release|Any CPU
		{33CF2501-F65F-4732-9086-96F48D2544CB}.Release|Any CPU.Build.0 = Release|Any CPU
		{33CF2501-F65F-4732-9086-96F48D2544CB}.Release|ARM.ActiveCfg = Release|Any CPU
		{33CF2501-F65F-4732-9086-96F48D2544CB}.Release|ARM.Build.0 = Release|Any CPU
		{33CF2501-F65F-4732-9086-96F48D2544CB}.Release|x86.ActiveCfg = Release|Any CPU
		{33CF2501-F65F-4732-9086-96F48D2544CB}.Release|x86.Build.0 = Release|Any CPU
		{4EBE34DC-2F49-4D71-BB84-D2B4013450DD}.Debug|Any CPU.ActiveCfg = Debug|Any CPU
		{4EBE34DC-2F49-4D71-BB84-D2B4013450DD}.Debug|Any CPU.Build.0 = Debug|Any CPU
		{4EBE34DC-2F49-4D71-BB84-D2B4013450DD}.Debug|ARM.ActiveCfg = Debug|Any CPU
		{4EBE34DC-2F49-4D71-BB84-D2B4013450DD}.Debug|ARM.Build.0 = Debug|Any CPU
		{4EBE34DC-2F49-4D71-BB84-D2B4013450DD}.Debug|x86.ActiveCfg = Debug|Any CPU
		{4EBE34DC-2F49-4D71-BB84-D2B4013450DD}.Debug|x86.Build.0 = Debug|Any CPU
		{4EBE34DC-2F49-4D71-BB84-D2B4013450DD}.Release|Any CPU.ActiveCfg = Release|Any CPU
		{4EBE34DC-2F49-4D71-BB84-D2B4013450DD}.Release|Any CPU.Build.0 = Release|Any CPU
		{4EBE34DC-2F49-4D71-BB84-D2B4013450DD}.Release|ARM.ActiveCfg = Release|Any CPU
		{4EBE34DC-2F49-4D71-BB84-D2B4013450DD}.Release|ARM.Build.0 = Release|Any CPU
		{4EBE34DC-2F49-4D71-BB84-D2B4013450DD}.Release|x86.ActiveCfg = Release|Any CPU
		{4EBE34DC-2F49-4D71-BB84-D2B4013450DD}.Release|x86.Build.0 = Release|Any CPU
		{DD851D86-EF1B-4138-9064-B928A94BE648}.Debug|Any CPU.ActiveCfg = Debug|Any CPU
		{DD851D86-EF1B-4138-9064-B928A94BE648}.Debug|Any CPU.Build.0 = Debug|Any CPU
		{DD851D86-EF1B-4138-9064-B928A94BE648}.Debug|ARM.ActiveCfg = Debug|Any CPU
		{DD851D86-EF1B-4138-9064-B928A94BE648}.Debug|ARM.Build.0 = Debug|Any CPU
		{DD851D86-EF1B-4138-9064-B928A94BE648}.Debug|x86.ActiveCfg = Debug|Any CPU
		{DD851D86-EF1B-4138-9064-B928A94BE648}.Debug|x86.Build.0 = Debug|Any CPU
		{DD851D86-EF1B-4138-9064-B928A94BE648}.Release|Any CPU.ActiveCfg = Release|Any CPU
		{DD851D86-EF1B-4138-9064-B928A94BE648}.Release|Any CPU.Build.0 = Release|Any CPU
		{DD851D86-EF1B-4138-9064-B928A94BE648}.Release|ARM.ActiveCfg = Release|Any CPU
		{DD851D86-EF1B-4138-9064-B928A94BE648}.Release|ARM.Build.0 = Release|Any CPU
		{DD851D86-EF1B-4138-9064-B928A94BE648}.Release|x86.ActiveCfg = Release|Any CPU
		{DD851D86-EF1B-4138-9064-B928A94BE648}.Release|x86.Build.0 = Release|Any CPU
		{0647A3C7-0AAD-4FBD-A3C1-552048ADB29D}.Debug|Any CPU.ActiveCfg = Debug|Any CPU
		{0647A3C7-0AAD-4FBD-A3C1-552048ADB29D}.Debug|Any CPU.Build.0 = Debug|Any CPU
		{0647A3C7-0AAD-4FBD-A3C1-552048ADB29D}.Debug|Any CPU.Deploy.0 = Debug|Any CPU
		{0647A3C7-0AAD-4FBD-A3C1-552048ADB29D}.Debug|ARM.ActiveCfg = Debug|ARM
		{0647A3C7-0AAD-4FBD-A3C1-552048ADB29D}.Debug|ARM.Build.0 = Debug|ARM
		{0647A3C7-0AAD-4FBD-A3C1-552048ADB29D}.Debug|ARM.Deploy.0 = Debug|ARM
		{0647A3C7-0AAD-4FBD-A3C1-552048ADB29D}.Debug|x86.ActiveCfg = Debug|x86
		{0647A3C7-0AAD-4FBD-A3C1-552048ADB29D}.Debug|x86.Build.0 = Debug|x86
		{0647A3C7-0AAD-4FBD-A3C1-552048ADB29D}.Debug|x86.Deploy.0 = Debug|x86
		{0647A3C7-0AAD-4FBD-A3C1-552048ADB29D}.Release|Any CPU.ActiveCfg = Release|Any CPU
		{0647A3C7-0AAD-4FBD-A3C1-552048ADB29D}.Release|Any CPU.Build.0 = Release|Any CPU
		{0647A3C7-0AAD-4FBD-A3C1-552048ADB29D}.Release|Any CPU.Deploy.0 = Release|Any CPU
		{0647A3C7-0AAD-4FBD-A3C1-552048ADB29D}.Release|ARM.ActiveCfg = Release|ARM
		{0647A3C7-0AAD-4FBD-A3C1-552048ADB29D}.Release|ARM.Build.0 = Release|ARM
		{0647A3C7-0AAD-4FBD-A3C1-552048ADB29D}.Release|ARM.Deploy.0 = Release|ARM
		{0647A3C7-0AAD-4FBD-A3C1-552048ADB29D}.Release|x86.ActiveCfg = Release|x86
		{0647A3C7-0AAD-4FBD-A3C1-552048ADB29D}.Release|x86.Build.0 = Release|x86
		{0647A3C7-0AAD-4FBD-A3C1-552048ADB29D}.Release|x86.Deploy.0 = Release|x86
		{7F73A476-D4BF-486A-9F41-A8842ED8497D}.Debug|Any CPU.ActiveCfg = Debug|Any CPU
		{7F73A476-D4BF-486A-9F41-A8842ED8497D}.Debug|Any CPU.Build.0 = Debug|Any CPU
		{7F73A476-D4BF-486A-9F41-A8842ED8497D}.Debug|ARM.ActiveCfg = Debug|ARM
		{7F73A476-D4BF-486A-9F41-A8842ED8497D}.Debug|ARM.Build.0 = Debug|ARM
		{7F73A476-D4BF-486A-9F41-A8842ED8497D}.Debug|x86.ActiveCfg = Debug|x86
		{7F73A476-D4BF-486A-9F41-A8842ED8497D}.Debug|x86.Build.0 = Debug|x86
		{7F73A476-D4BF-486A-9F41-A8842ED8497D}.Release|Any CPU.ActiveCfg = Release|Any CPU
		{7F73A476-D4BF-486A-9F41-A8842ED8497D}.Release|Any CPU.Build.0 = Release|Any CPU
		{7F73A476-D4BF-486A-9F41-A8842ED8497D}.Release|ARM.ActiveCfg = Release|ARM
		{7F73A476-D4BF-486A-9F41-A8842ED8497D}.Release|ARM.Build.0 = Release|ARM
		{7F73A476-D4BF-486A-9F41-A8842ED8497D}.Release|x86.ActiveCfg = Release|x86
		{7F73A476-D4BF-486A-9F41-A8842ED8497D}.Release|x86.Build.0 = Release|x86
		{B3FE6EA1-6263-43D1-AA8C-D1961E8183CB}.Debug|Any CPU.ActiveCfg = Debug|Any CPU
		{B3FE6EA1-6263-43D1-AA8C-D1961E8183CB}.Debug|Any CPU.Build.0 = Debug|Any CPU
		{B3FE6EA1-6263-43D1-AA8C-D1961E8183CB}.Debug|Any CPU.Deploy.0 = Debug|Any CPU
		{B3FE6EA1-6263-43D1-AA8C-D1961E8183CB}.Debug|ARM.ActiveCfg = Debug|ARM
		{B3FE6EA1-6263-43D1-AA8C-D1961E8183CB}.Debug|ARM.Build.0 = Debug|ARM
		{B3FE6EA1-6263-43D1-AA8C-D1961E8183CB}.Debug|ARM.Deploy.0 = Debug|ARM
		{B3FE6EA1-6263-43D1-AA8C-D1961E8183CB}.Debug|x86.ActiveCfg = Debug|x86
		{B3FE6EA1-6263-43D1-AA8C-D1961E8183CB}.Debug|x86.Build.0 = Debug|x86
		{B3FE6EA1-6263-43D1-AA8C-D1961E8183CB}.Debug|x86.Deploy.0 = Debug|x86
		{B3FE6EA1-6263-43D1-AA8C-D1961E8183CB}.Release|Any CPU.ActiveCfg = Release|Any CPU
		{B3FE6EA1-6263-43D1-AA8C-D1961E8183CB}.Release|Any CPU.Build.0 = Release|Any CPU
		{B3FE6EA1-6263-43D1-AA8C-D1961E8183CB}.Release|Any CPU.Deploy.0 = Release|Any CPU
		{B3FE6EA1-6263-43D1-AA8C-D1961E8183CB}.Release|ARM.ActiveCfg = Release|ARM
		{B3FE6EA1-6263-43D1-AA8C-D1961E8183CB}.Release|ARM.Build.0 = Release|ARM
		{B3FE6EA1-6263-43D1-AA8C-D1961E8183CB}.Release|ARM.Deploy.0 = Release|ARM
		{B3FE6EA1-6263-43D1-AA8C-D1961E8183CB}.Release|x86.ActiveCfg = Release|x86
		{B3FE6EA1-6263-43D1-AA8C-D1961E8183CB}.Release|x86.Build.0 = Release|x86
		{B3FE6EA1-6263-43D1-AA8C-D1961E8183CB}.Release|x86.Deploy.0 = Release|x86
		{E3A40767-1121-43D0-816F-35D938F9716B}.Debug|Any CPU.ActiveCfg = Debug|Any CPU
		{E3A40767-1121-43D0-816F-35D938F9716B}.Debug|Any CPU.Build.0 = Debug|Any CPU
		{E3A40767-1121-43D0-816F-35D938F9716B}.Debug|Any CPU.Deploy.0 = Debug|Any CPU
		{E3A40767-1121-43D0-816F-35D938F9716B}.Debug|ARM.ActiveCfg = Debug|ARM
		{E3A40767-1121-43D0-816F-35D938F9716B}.Debug|ARM.Build.0 = Debug|ARM
		{E3A40767-1121-43D0-816F-35D938F9716B}.Debug|ARM.Deploy.0 = Debug|ARM
		{E3A40767-1121-43D0-816F-35D938F9716B}.Debug|x86.ActiveCfg = Debug|x86
		{E3A40767-1121-43D0-816F-35D938F9716B}.Debug|x86.Build.0 = Debug|x86
		{E3A40767-1121-43D0-816F-35D938F9716B}.Debug|x86.Deploy.0 = Debug|x86
		{E3A40767-1121-43D0-816F-35D938F9716B}.Release|Any CPU.ActiveCfg = Release|Any CPU
		{E3A40767-1121-43D0-816F-35D938F9716B}.Release|Any CPU.Build.0 = Release|Any CPU
		{E3A40767-1121-43D0-816F-35D938F9716B}.Release|Any CPU.Deploy.0 = Release|Any CPU
		{E3A40767-1121-43D0-816F-35D938F9716B}.Release|ARM.ActiveCfg = Release|ARM
		{E3A40767-1121-43D0-816F-35D938F9716B}.Release|ARM.Build.0 = Release|ARM
		{E3A40767-1121-43D0-816F-35D938F9716B}.Release|ARM.Deploy.0 = Release|ARM
		{E3A40767-1121-43D0-816F-35D938F9716B}.Release|x86.ActiveCfg = Release|x86
		{E3A40767-1121-43D0-816F-35D938F9716B}.Release|x86.Build.0 = Release|x86
		{E3A40767-1121-43D0-816F-35D938F9716B}.Release|x86.Deploy.0 = Release|x86
		{FAAA386E-85DA-4AC7-BE4B-C2198B84F8EE}.Debug|Any CPU.ActiveCfg = Debug|Any CPU
		{FAAA386E-85DA-4AC7-BE4B-C2198B84F8EE}.Debug|Any CPU.Build.0 = Debug|Any CPU
		{FAAA386E-85DA-4AC7-BE4B-C2198B84F8EE}.Debug|ARM.ActiveCfg = Debug|Any CPU
		{FAAA386E-85DA-4AC7-BE4B-C2198B84F8EE}.Debug|ARM.Build.0 = Debug|Any CPU
		{FAAA386E-85DA-4AC7-BE4B-C2198B84F8EE}.Debug|x86.ActiveCfg = Debug|Any CPU
		{FAAA386E-85DA-4AC7-BE4B-C2198B84F8EE}.Debug|x86.Build.0 = Debug|Any CPU
		{FAAA386E-85DA-4AC7-BE4B-C2198B84F8EE}.Release|Any CPU.ActiveCfg = Release|Any CPU
		{FAAA386E-85DA-4AC7-BE4B-C2198B84F8EE}.Release|Any CPU.Build.0 = Release|Any CPU
		{FAAA386E-85DA-4AC7-BE4B-C2198B84F8EE}.Release|ARM.ActiveCfg = Release|Any CPU
		{FAAA386E-85DA-4AC7-BE4B-C2198B84F8EE}.Release|ARM.Build.0 = Release|Any CPU
		{FAAA386E-85DA-4AC7-BE4B-C2198B84F8EE}.Release|x86.ActiveCfg = Release|Any CPU
		{FAAA386E-85DA-4AC7-BE4B-C2198B84F8EE}.Release|x86.Build.0 = Release|Any CPU
		{6CE969D8-1103-454A-80E5-19E2CDB14709}.Debug|Any CPU.ActiveCfg = Debug|Any CPU
		{6CE969D8-1103-454A-80E5-19E2CDB14709}.Debug|Any CPU.Build.0 = Debug|Any CPU
		{6CE969D8-1103-454A-80E5-19E2CDB14709}.Debug|ARM.ActiveCfg = Debug|Any CPU
		{6CE969D8-1103-454A-80E5-19E2CDB14709}.Debug|ARM.Build.0 = Debug|Any CPU
		{6CE969D8-1103-454A-80E5-19E2CDB14709}.Debug|x86.ActiveCfg = Debug|Any CPU
		{6CE969D8-1103-454A-80E5-19E2CDB14709}.Debug|x86.Build.0 = Debug|Any CPU
		{6CE969D8-1103-454A-80E5-19E2CDB14709}.Release|Any CPU.ActiveCfg = Release|Any CPU
		{6CE969D8-1103-454A-80E5-19E2CDB14709}.Release|Any CPU.Build.0 = Release|Any CPU
		{6CE969D8-1103-454A-80E5-19E2CDB14709}.Release|ARM.ActiveCfg = Release|Any CPU
		{6CE969D8-1103-454A-80E5-19E2CDB14709}.Release|ARM.Build.0 = Release|Any CPU
		{6CE969D8-1103-454A-80E5-19E2CDB14709}.Release|x86.ActiveCfg = Release|Any CPU
		{6CE969D8-1103-454A-80E5-19E2CDB14709}.Release|x86.Build.0 = Release|Any CPU
		{CEFA16D8-28D7-4BC6-85D8-21FD25D46D93}.Debug|Any CPU.ActiveCfg = Debug|Any CPU
		{CEFA16D8-28D7-4BC6-85D8-21FD25D46D93}.Debug|Any CPU.Build.0 = Debug|Any CPU
		{CEFA16D8-28D7-4BC6-85D8-21FD25D46D93}.Debug|ARM.ActiveCfg = Debug|Any CPU
		{CEFA16D8-28D7-4BC6-85D8-21FD25D46D93}.Debug|ARM.Build.0 = Debug|Any CPU
		{CEFA16D8-28D7-4BC6-85D8-21FD25D46D93}.Debug|x86.ActiveCfg = Debug|Any CPU
		{CEFA16D8-28D7-4BC6-85D8-21FD25D46D93}.Debug|x86.Build.0 = Debug|Any CPU
		{CEFA16D8-28D7-4BC6-85D8-21FD25D46D93}.Release|Any CPU.ActiveCfg = Release|Any CPU
		{CEFA16D8-28D7-4BC6-85D8-21FD25D46D93}.Release|Any CPU.Build.0 = Release|Any CPU
		{CEFA16D8-28D7-4BC6-85D8-21FD25D46D93}.Release|ARM.ActiveCfg = Release|Any CPU
		{CEFA16D8-28D7-4BC6-85D8-21FD25D46D93}.Release|ARM.Build.0 = Release|Any CPU
		{CEFA16D8-28D7-4BC6-85D8-21FD25D46D93}.Release|x86.ActiveCfg = Release|Any CPU
		{CEFA16D8-28D7-4BC6-85D8-21FD25D46D93}.Release|x86.Build.0 = Release|Any CPU
		{246505F6-BCF0-436E-813A-E797D307611F}.Debug|Any CPU.ActiveCfg = Debug|Any CPU
		{246505F6-BCF0-436E-813A-E797D307611F}.Debug|Any CPU.Build.0 = Debug|Any CPU
		{246505F6-BCF0-436E-813A-E797D307611F}.Debug|ARM.ActiveCfg = Debug|Any CPU
		{246505F6-BCF0-436E-813A-E797D307611F}.Debug|ARM.Build.0 = Debug|Any CPU
		{246505F6-BCF0-436E-813A-E797D307611F}.Debug|x86.ActiveCfg = Debug|Any CPU
		{246505F6-BCF0-436E-813A-E797D307611F}.Debug|x86.Build.0 = Debug|Any CPU
		{246505F6-BCF0-436E-813A-E797D307611F}.Release|Any CPU.ActiveCfg = Release|Any CPU
		{246505F6-BCF0-436E-813A-E797D307611F}.Release|Any CPU.Build.0 = Release|Any CPU
		{246505F6-BCF0-436E-813A-E797D307611F}.Release|ARM.ActiveCfg = Release|Any CPU
		{246505F6-BCF0-436E-813A-E797D307611F}.Release|ARM.Build.0 = Release|Any CPU
		{246505F6-BCF0-436E-813A-E797D307611F}.Release|x86.ActiveCfg = Release|Any CPU
		{246505F6-BCF0-436E-813A-E797D307611F}.Release|x86.Build.0 = Release|Any CPU
		{032C5DAD-D659-43AB-930E-09D66B9CF63B}.Debug|Any CPU.ActiveCfg = Debug|Any CPU
		{032C5DAD-D659-43AB-930E-09D66B9CF63B}.Debug|Any CPU.Build.0 = Debug|Any CPU
		{032C5DAD-D659-43AB-930E-09D66B9CF63B}.Debug|ARM.ActiveCfg = Debug|Any CPU
		{032C5DAD-D659-43AB-930E-09D66B9CF63B}.Debug|ARM.Build.0 = Debug|Any CPU
		{032C5DAD-D659-43AB-930E-09D66B9CF63B}.Debug|x86.ActiveCfg = Debug|Any CPU
		{032C5DAD-D659-43AB-930E-09D66B9CF63B}.Debug|x86.Build.0 = Debug|Any CPU
		{032C5DAD-D659-43AB-930E-09D66B9CF63B}.Release|Any CPU.ActiveCfg = Release|Any CPU
		{032C5DAD-D659-43AB-930E-09D66B9CF63B}.Release|Any CPU.Build.0 = Release|Any CPU
		{032C5DAD-D659-43AB-930E-09D66B9CF63B}.Release|ARM.ActiveCfg = Release|Any CPU
		{032C5DAD-D659-43AB-930E-09D66B9CF63B}.Release|ARM.Build.0 = Release|Any CPU
		{032C5DAD-D659-43AB-930E-09D66B9CF63B}.Release|x86.ActiveCfg = Release|Any CPU
		{032C5DAD-D659-43AB-930E-09D66B9CF63B}.Release|x86.Build.0 = Release|Any CPU
		{A6C76431-1A7B-4931-919F-A62A15FAE652}.Debug|Any CPU.ActiveCfg = Debug|Any CPU
		{A6C76431-1A7B-4931-919F-A62A15FAE652}.Debug|Any CPU.Build.0 = Debug|Any CPU
		{A6C76431-1A7B-4931-919F-A62A15FAE652}.Debug|ARM.ActiveCfg = Debug|Any CPU
		{A6C76431-1A7B-4931-919F-A62A15FAE652}.Debug|ARM.Build.0 = Debug|Any CPU
		{A6C76431-1A7B-4931-919F-A62A15FAE652}.Debug|x86.ActiveCfg = Debug|Any CPU
		{A6C76431-1A7B-4931-919F-A62A15FAE652}.Debug|x86.Build.0 = Debug|Any CPU
		{A6C76431-1A7B-4931-919F-A62A15FAE652}.Release|Any CPU.ActiveCfg = Release|Any CPU
		{A6C76431-1A7B-4931-919F-A62A15FAE652}.Release|Any CPU.Build.0 = Release|Any CPU
		{A6C76431-1A7B-4931-919F-A62A15FAE652}.Release|ARM.ActiveCfg = Release|Any CPU
		{A6C76431-1A7B-4931-919F-A62A15FAE652}.Release|ARM.Build.0 = Release|Any CPU
		{A6C76431-1A7B-4931-919F-A62A15FAE652}.Release|x86.ActiveCfg = Release|Any CPU
		{A6C76431-1A7B-4931-919F-A62A15FAE652}.Release|x86.Build.0 = Release|Any CPU
	EndGlobalSection
	GlobalSection(SolutionProperties) = preSolution
		HideSolutionNode = FALSE
	EndGlobalSection
	GlobalSection(NestedProjects) = preSolution
		{82E3A21C-BB44-401A-B054-6075E8C03753} = {A50C9FE9-5F7F-4D2D-BCC2-3DF1D3847413}
		{4EFA3084-92BC-4D9F-B322-96F45ECBA1C3} = {B941E07C-69FF-40EF-BE57-7376A5A5A49C}
		{A218E234-559E-4BF1-AAC5-58B96C8BBD78} = {B941E07C-69FF-40EF-BE57-7376A5A5A49C}
		{33CF2501-F65F-4732-9086-96F48D2544CB} = {B941E07C-69FF-40EF-BE57-7376A5A5A49C}
		{4EBE34DC-2F49-4D71-BB84-D2B4013450DD} = {6F029BB5-B68E-43A3-897A-8B9BC6881969}
		{DD851D86-EF1B-4138-9064-B928A94BE648} = {6F029BB5-B68E-43A3-897A-8B9BC6881969}
		{0647A3C7-0AAD-4FBD-A3C1-552048ADB29D} = {79CB10A2-6F79-48D0-BA70-5517FDD0C3F6}
		{7F73A476-D4BF-486A-9F41-A8842ED8497D} = {A50C9FE9-5F7F-4D2D-BCC2-3DF1D3847413}
		{B3FE6EA1-6263-43D1-AA8C-D1961E8183CB} = {79CB10A2-6F79-48D0-BA70-5517FDD0C3F6}
		{E3A40767-1121-43D0-816F-35D938F9716B} = {79CB10A2-6F79-48D0-BA70-5517FDD0C3F6}
		{6CE969D8-1103-454A-80E5-19E2CDB14709} = {6F029BB5-B68E-43A3-897A-8B9BC6881969}
		{CEFA16D8-28D7-4BC6-85D8-21FD25D46D93} = {B941E07C-69FF-40EF-BE57-7376A5A5A49C}
		{246505F6-BCF0-436E-813A-E797D307611F} = {DF763000-8A53-40E5-8C6E-1A56C24EB16A}
		{032C5DAD-D659-43AB-930E-09D66B9CF63B} = {DF763000-8A53-40E5-8C6E-1A56C24EB16A}
		{A6C76431-1A7B-4931-919F-A62A15FAE652} = {DF763000-8A53-40E5-8C6E-1A56C24EB16A}
	EndGlobalSection
EndGlobal
